
Microsoft Visual Studio Solution File, Format Version 12.00
# Visual Studio Version 17
VisualStudioVersion = 17.4.33103.184
MinimumVisualStudioVersion = 10.0.40219.1
Project("{9A19103F-16F7-4668-BE54-9A1E7A4F7556}") = "AzureChallenges", "AzureChallenges\AzureChallenges.csproj", "{38EDE135-B26D-49AC-A404-84B4257F9945}"
EndProject
Project("{FAE04EC0-301F-11D3-BF4B-00C04F79EFBC}") = "AzureChallenges.ConnectionCheckerWebsite", "AzureChallenges.ConnectionCheckerWebsite\AzureChallenges.ConnectionCheckerWebsite.csproj", "{A0B42B47-1EC1-4860-B408-86945F101BCD}"
EndProject
Global
	GlobalSection(SolutionConfigurationPlatforms) = preSolution
		Debug|Any CPU = Debug|Any CPU
		Release|Any CPU = Release|Any CPU
	EndGlobalSection
	GlobalSection(ProjectConfigurationPlatforms) = postSolution
		{38EDE135-B26D-49AC-A404-84B4257F9945}.Debug|Any CPU.ActiveCfg = Debug|Any CPU
		{38EDE135-B26D-49AC-A404-84B4257F9945}.Debug|Any CPU.Build.0 = Debug|Any CPU
		{38EDE135-B26D-49AC-A404-84B4257F9945}.Release|Any CPU.ActiveCfg = Release|Any CPU
		{38EDE135-B26D-49AC-A404-84B4257F9945}.Release|Any CPU.Build.0 = Release|Any CPU
		{A0B42B47-1EC1-4860-B408-86945F101BCD}.Debug|Any CPU.ActiveCfg = Debug|Any CPU
		{A0B42B47-1EC1-4860-B408-86945F101BCD}.Debug|Any CPU.Build.0 = Debug|Any CPU
		{A0B42B47-1EC1-4860-B408-86945F101BCD}.Release|Any CPU.ActiveCfg = Release|Any CPU
		{A0B42B47-1EC1-4860-B408-86945F101BCD}.Release|Any CPU.Build.0 = Release|Any CPU
	EndGlobalSection
	GlobalSection(SolutionProperties) = preSolution
		HideSolutionNode = FALSE
	EndGlobalSection
	GlobalSection(ExtensibilityGlobals) = postSolution
		SolutionGuid = {795B355A-C5AD-49A1-A9EA-DF47A9643892}
	EndGlobalSection
EndGlobal
